
Microsoft Visual Studio Solution File, Format Version 12.00
# Visual Studio Version 17
VisualStudioVersion = 17.7.34031.279
MinimumVisualStudioVersion = 10.0.40219.1
Project("{FAE04EC0-301F-11D3-BF4B-00C04F79EFBC}") = "classTask", "classTask\classTask.csproj", "{3C6BDFDC-517F-4C4B-977F-577D381874F5}"
EndProject
Global
	GlobalSection(SolutionConfigurationPlatforms) = preSolution
		Debug|Any CPU = Debug|Any CPU
		Release|Any CPU = Release|Any CPU
	EndGlobalSection
	GlobalSection(ProjectConfigurationPlatforms) = postSolution
		{3C6BDFDC-517F-4C4B-977F-577D381874F5}.Debug|Any CPU.ActiveCfg = Debug|Any CPU
		{3C6BDFDC-517F-4C4B-977F-577D381874F5}.Debug|Any CPU.Build.0 = Debug|Any CPU
		{3C6BDFDC-517F-4C4B-977F-577D381874F5}.Release|Any CPU.ActiveCfg = Release|Any CPU
		{3C6BDFDC-517F-4C4B-977F-577D381874F5}.Release|Any CPU.Build.0 = Release|Any CPU
	EndGlobalSection
	GlobalSection(SolutionProperties) = preSolution
		HideSolutionNode = FALSE
	EndGlobalSection
	GlobalSection(ExtensibilityGlobals) = postSolution
		SolutionGuid = {1CA2BC67-BBCD-43A5-8CE7-5EED16309922}
	EndGlobalSection
EndGlobal
